
Microsoft Visual Studio Solution File, Format Version 12.00
# Visual Studio Version 17
VisualStudioVersion = 17.5.002.0
MinimumVisualStudioVersion = 10.0.40219.1
Project("{9A19103F-16F7-4668-BE54-9A1E7A4F7556}") = "Develop02", "Develop02\Develop02.csproj", "{EAAD00BA-16E8-4243-83E6-39399598CBF4}"
EndProject
Project("{9A19103F-16F7-4668-BE54-9A1E7A4F7556}") = "Develop04", "Develop04final\Develop04.csproj", "{A8975244-4066-4364-81C7-9582D71391C6}"
EndProject
Project("{2150E333-8FDC-42A3-9474-1A3956D46DE8}") = "csharp-prep", "csharp-prep", "{D97E843A-BD02-47E8-90AD-D2AD6E0BE48A}"
EndProject
Project("{9A19103F-16F7-4668-BE54-9A1E7A4F7556}") = "Prep1", "csharp-prep\Prep1\Prep1.csproj", "{3534FDC1-86E0-4443-AC7B-BE77D8B5DB41}"
EndProject
Project("{9A19103F-16F7-4668-BE54-9A1E7A4F7556}") = "Prep2", "csharp-prep\Prep2\Prep2.csproj", "{AC1FB175-6F9C-4110-9E2D-86DC319987E6}"
EndProject
Project("{9A19103F-16F7-4668-BE54-9A1E7A4F7556}") = "Prep3", "csharp-prep\Prep3\Prep3.csproj", "{CBCDCDE0-260B-470D-A935-CD730867CE08}"
EndProject
Project("{9A19103F-16F7-4668-BE54-9A1E7A4F7556}") = "Prep4", "csharp-prep\Prep4\Prep4.csproj", "{F4A42B91-A7DE-429A-81E4-3955A400291E}"
EndProject
Project("{9A19103F-16F7-4668-BE54-9A1E7A4F7556}") = "Prep5", "csharp-prep\Prep5\Prep5.csproj", "{C19F5F7B-5DD1-4BD9-8FB6-52F178ED0ECF}"
EndProject
Project("{2150E333-8FDC-42A3-9474-1A3956D46DE8}") = "Develop04 (1)", "Develop04", "{C086960D-02B6-42EE-89B6-0AA393215646}"
EndProject
Project("{9A19103F-16F7-4668-BE54-9A1E7A4F7556}") = "Develop04", "Develop04\Develop04\Develop04.csproj", "{8A1A1171-BF18-459C-A3B3-C4E3D2CDCFE9}"
EndProject
Project("{2150E333-8FDC-42A3-9474-1A3956D46DE8}") = "final", "final", "{873F89B1-1830-47B5-B01E-B869E7B81DEC}"
EndProject
Project("{9A19103F-16F7-4668-BE54-9A1E7A4F7556}") = "FinalProject", "final\FinalProject\FinalProject.csproj", "{F6985631-4A8D-418A-BB6E-E1E8E6DB91D8}"
EndProject
Project("{9A19103F-16F7-4668-BE54-9A1E7A4F7556}") = "Foundation1", "final\Foundation1\Foundation1.csproj", "{B721172E-B892-465A-89C1-4668AD833860}"
EndProject
Project("{9A19103F-16F7-4668-BE54-9A1E7A4F7556}") = "Foundation2", "final\Foundation2\Foundation2.csproj", "{9F59F699-3A00-4CB9-94FF-98B7EA212C4D}"
EndProject
Project("{9A19103F-16F7-4668-BE54-9A1E7A4F7556}") = "Foundation3", "final\Foundation3\Foundation3.csproj", "{22CF2202-20C4-4818-85AE-5BBC432E957C}"
EndProject
Project("{9A19103F-16F7-4668-BE54-9A1E7A4F7556}") = "Foundation4", "final\Foundation4\Foundation4.csproj", "{A4A91EB6-1CFD-43C2-8E7C-262FCF0D912D}"
EndProject
Project("{2150E333-8FDC-42A3-9474-1A3956D46DE8}") = "prepare", "prepare", "{A19336BE-3789-45A5-957D-3501DAC5DAFB}"
EndProject
Project("{9A19103F-16F7-4668-BE54-9A1E7A4F7556}") = "Learning02", "prepare\Learning02\Learning02.csproj", "{8A365C0F-0268-4F1D-9FEA-63ABA1753E6E}"
EndProject
Project("{9A19103F-16F7-4668-BE54-9A1E7A4F7556}") = "Learning03", "prepare\Learning03\Learning03.csproj", "{7E52D50C-77ED-4DBC-AADE-EDC6E65364BC}"
EndProject
Project("{9A19103F-16F7-4668-BE54-9A1E7A4F7556}") = "Learning04", "prepare\Learning04\Learning04.csproj", "{7D5626D0-296F-4A0D-97AA-0946E80BA5C8}"
EndProject
Project("{9A19103F-16F7-4668-BE54-9A1E7A4F7556}") = "Learning05", "prepare\Learning05\Learning05.csproj", "{BF21C590-D25B-47A6-8718-2B0011717B2B}"
EndProject
Project("{2150E333-8FDC-42A3-9474-1A3956D46DE8}") = "prove", "prove", "{6FF76900-2EF3-4E35-96BF-097CD5DB914F}"
EndProject
Project("{9A19103F-16F7-4668-BE54-9A1E7A4F7556}") = "Develop02", "prove\Develop02\Develop02.csproj", "{BF323259-79DA-4112-AD1F-3509A0EA528F}"
EndProject
Project("{9A19103F-16F7-4668-BE54-9A1E7A4F7556}") = "Develop03", "prove\Develop03\Develop03.csproj", "{2800FE02-3C42-458E-9C86-73241BFDECD0}"
EndProject
Project("{9A19103F-16F7-4668-BE54-9A1E7A4F7556}") = "Develop04", "prove\Develop04\Develop04.csproj", "{11634FFD-8B9B-4D76-90E8-3D74F7243D10}"
EndProject
Project("{9A19103F-16F7-4668-BE54-9A1E7A4F7556}") = "Develop05", "prove\Develop05\Develop05.csproj", "{753BA3BD-12DB-487A-AEA8-98FDA7830106}"
EndProject
Project("{2150E333-8FDC-42A3-9474-1A3956D46DE8}") = "sandbox", "sandbox", "{31A2DB93-7D20-4A1A-BA1B-2FCB856AC5D3}"
EndProject
Project("{9A19103F-16F7-4668-BE54-9A1E7A4F7556}") = "Sandbox", "sandbox\Sandbox\Sandbox.csproj", "{AEFFC724-4D22-49C1-8C20-665760F57311}"
EndProject
Global
	GlobalSection(SolutionConfigurationPlatforms) = preSolution
		Debug|Any CPU = Debug|Any CPU
		Release|Any CPU = Release|Any CPU
	EndGlobalSection
	GlobalSection(ProjectConfigurationPlatforms) = postSolution
		{EAAD00BA-16E8-4243-83E6-39399598CBF4}.Debug|Any CPU.ActiveCfg = Debug|Any CPU
		{EAAD00BA-16E8-4243-83E6-39399598CBF4}.Debug|Any CPU.Build.0 = Debug|Any CPU
		{EAAD00BA-16E8-4243-83E6-39399598CBF4}.Release|Any CPU.ActiveCfg = Release|Any CPU
		{EAAD00BA-16E8-4243-83E6-39399598CBF4}.Release|Any CPU.Build.0 = Release|Any CPU
		{A8975244-4066-4364-81C7-9582D71391C6}.Debug|Any CPU.ActiveCfg = Debug|Any CPU
		{A8975244-4066-4364-81C7-9582D71391C6}.Debug|Any CPU.Build.0 = Debug|Any CPU
		{A8975244-4066-4364-81C7-9582D71391C6}.Release|Any CPU.ActiveCfg = Release|Any CPU
		{A8975244-4066-4364-81C7-9582D71391C6}.Release|Any CPU.Build.0 = Release|Any CPU
		{3534FDC1-86E0-4443-AC7B-BE77D8B5DB41}.Debug|Any CPU.ActiveCfg = Debug|Any CPU
		{3534FDC1-86E0-4443-AC7B-BE77D8B5DB41}.Debug|Any CPU.Build.0 = Debug|Any CPU
		{3534FDC1-86E0-4443-AC7B-BE77D8B5DB41}.Release|Any CPU.ActiveCfg = Release|Any CPU
		{3534FDC1-86E0-4443-AC7B-BE77D8B5DB41}.Release|Any CPU.Build.0 = Release|Any CPU
		{AC1FB175-6F9C-4110-9E2D-86DC319987E6}.Debug|Any CPU.ActiveCfg = Debug|Any CPU
		{AC1FB175-6F9C-4110-9E2D-86DC319987E6}.Debug|Any CPU.Build.0 = Debug|Any CPU
		{AC1FB175-6F9C-4110-9E2D-86DC319987E6}.Release|Any CPU.ActiveCfg = Release|Any CPU
		{AC1FB175-6F9C-4110-9E2D-86DC319987E6}.Release|Any CPU.Build.0 = Release|Any CPU
		{CBCDCDE0-260B-470D-A935-CD730867CE08}.Debug|Any CPU.ActiveCfg = Debug|Any CPU
		{CBCDCDE0-260B-470D-A935-CD730867CE08}.Debug|Any CPU.Build.0 = Debug|Any CPU
		{CBCDCDE0-260B-470D-A935-CD730867CE08}.Release|Any CPU.ActiveCfg = Release|Any CPU
		{CBCDCDE0-260B-470D-A935-CD730867CE08}.Release|Any CPU.Build.0 = Release|Any CPU
		{F4A42B91-A7DE-429A-81E4-3955A400291E}.Debug|Any CPU.ActiveCfg = Debug|Any CPU
		{F4A42B91-A7DE-429A-81E4-3955A400291E}.Debug|Any CPU.Build.0 = Debug|Any CPU
		{F4A42B91-A7DE-429A-81E4-3955A400291E}.Release|Any CPU.ActiveCfg = Release|Any CPU
		{F4A42B91-A7DE-429A-81E4-3955A400291E}.Release|Any CPU.Build.0 = Release|Any CPU
		{C19F5F7B-5DD1-4BD9-8FB6-52F178ED0ECF}.Debug|Any CPU.ActiveCfg = Debug|Any CPU
		{C19F5F7B-5DD1-4BD9-8FB6-52F178ED0ECF}.Debug|Any CPU.Build.0 = Debug|Any CPU
		{C19F5F7B-5DD1-4BD9-8FB6-52F178ED0ECF}.Release|Any CPU.ActiveCfg = Release|Any CPU
		{C19F5F7B-5DD1-4BD9-8FB6-52F178ED0ECF}.Release|Any CPU.Build.0 = Release|Any CPU
		{8A1A1171-BF18-459C-A3B3-C4E3D2CDCFE9}.Debug|Any CPU.ActiveCfg = Debug|Any CPU
		{8A1A1171-BF18-459C-A3B3-C4E3D2CDCFE9}.Debug|Any CPU.Build.0 = Debug|Any CPU
		{8A1A1171-BF18-459C-A3B3-C4E3D2CDCFE9}.Release|Any CPU.ActiveCfg = Release|Any CPU
		{8A1A1171-BF18-459C-A3B3-C4E3D2CDCFE9}.Release|Any CPU.Build.0 = Release|Any CPU
		{F6985631-4A8D-418A-BB6E-E1E8E6DB91D8}.Debug|Any CPU.ActiveCfg = Debug|Any CPU
		{F6985631-4A8D-418A-BB6E-E1E8E6DB91D8}.Debug|Any CPU.Build.0 = Debug|Any CPU
		{F6985631-4A8D-418A-BB6E-E1E8E6DB91D8}.Release|Any CPU.ActiveCfg = Release|Any CPU
		{F6985631-4A8D-418A-BB6E-E1E8E6DB91D8}.Release|Any CPU.Build.0 = Release|Any CPU
		{B721172E-B892-465A-89C1-4668AD833860}.Debug|Any CPU.ActiveCfg = Debug|Any CPU
		{B721172E-B892-465A-89C1-4668AD833860}.Debug|Any CPU.Build.0 = Debug|Any CPU
		{B721172E-B892-465A-89C1-4668AD833860}.Release|Any CPU.ActiveCfg = Release|Any CPU
		{B721172E-B892-465A-89C1-4668AD833860}.Release|Any CPU.Build.0 = Release|Any CPU
		{9F59F699-3A00-4CB9-94FF-98B7EA212C4D}.Debug|Any CPU.ActiveCfg = Debug|Any CPU
		{9F59F699-3A00-4CB9-94FF-98B7EA212C4D}.Debug|Any CPU.Build.0 = Debug|Any CPU
		{9F59F699-3A00-4CB9-94FF-98B7EA212C4D}.Release|Any CPU.ActiveCfg = Release|Any CPU
		{9F59F699-3A00-4CB9-94FF-98B7EA212C4D}.Release|Any CPU.Build.0 = Release|Any CPU
		{22CF2202-20C4-4818-85AE-5BBC432E957C}.Debug|Any CPU.ActiveCfg = Debug|Any CPU
		{22CF2202-20C4-4818-85AE-5BBC432E957C}.Debug|Any CPU.Build.0 = Debug|Any CPU
		{22CF2202-20C4-4818-85AE-5BBC432E957C}.Release|Any CPU.ActiveCfg = Release|Any CPU
		{22CF2202-20C4-4818-85AE-5BBC432E957C}.Release|Any CPU.Build.0 = Release|Any CPU
		{A4A91EB6-1CFD-43C2-8E7C-262FCF0D912D}.Debug|Any CPU.ActiveCfg = Debug|Any CPU
		{A4A91EB6-1CFD-43C2-8E7C-262FCF0D912D}.Debug|Any CPU.Build.0 = Debug|Any CPU
		{A4A91EB6-1CFD-43C2-8E7C-262FCF0D912D}.Release|Any CPU.ActiveCfg = Release|Any CPU
		{A4A91EB6-1CFD-43C2-8E7C-262FCF0D912D}.Release|Any CPU.Build.0 = Release|Any CPU
		{8A365C0F-0268-4F1D-9FEA-63ABA1753E6E}.Debug|Any CPU.ActiveCfg = Debug|Any CPU
		{8A365C0F-0268-4F1D-9FEA-63ABA1753E6E}.Debug|Any CPU.Build.0 = Debug|Any CPU
		{8A365C0F-0268-4F1D-9FEA-63ABA1753E6E}.Release|Any CPU.ActiveCfg = Release|Any CPU
		{8A365C0F-0268-4F1D-9FEA-63ABA1753E6E}.Release|Any CPU.Build.0 = Release|Any CPU
		{7E52D50C-77ED-4DBC-AADE-EDC6E65364BC}.Debug|Any CPU.ActiveCfg = Debug|Any CPU
		{7E52D50C-77ED-4DBC-AADE-EDC6E65364BC}.Debug|Any CPU.Build.0 = Debug|Any CPU
		{7E52D50C-77ED-4DBC-AADE-EDC6E65364BC}.Release|Any CPU.ActiveCfg = Release|Any CPU
		{7E52D50C-77ED-4DBC-AADE-EDC6E65364BC}.Release|Any CPU.Build.0 = Release|Any CPU
		{7D5626D0-296F-4A0D-97AA-0946E80BA5C8}.Debug|Any CPU.ActiveCfg = Debug|Any CPU
		{7D5626D0-296F-4A0D-97AA-0946E80BA5C8}.Debug|Any CPU.Build.0 = Debug|Any CPU
		{7D5626D0-296F-4A0D-97AA-0946E80BA5C8}.Release|Any CPU.ActiveCfg = Release|Any CPU
		{7D5626D0-296F-4A0D-97AA-0946E80BA5C8}.Release|Any CPU.Build.0 = Release|Any CPU
		{BF21C590-D25B-47A6-8718-2B0011717B2B}.Debug|Any CPU.ActiveCfg = Debug|Any CPU
		{BF21C590-D25B-47A6-8718-2B0011717B2B}.Debug|Any CPU.Build.0 = Debug|Any CPU
		{BF21C590-D25B-47A6-8718-2B0011717B2B}.Release|Any CPU.ActiveCfg = Release|Any CPU
		{BF21C590-D25B-47A6-8718-2B0011717B2B}.Release|Any CPU.Build.0 = Release|Any CPU
		{BF323259-79DA-4112-AD1F-3509A0EA528F}.Debug|Any CPU.ActiveCfg = Debug|Any CPU
		{BF323259-79DA-4112-AD1F-3509A0EA528F}.Debug|Any CPU.Build.0 = Debug|Any CPU
		{BF323259-79DA-4112-AD1F-3509A0EA528F}.Release|Any CPU.ActiveCfg = Release|Any CPU
		{BF323259-79DA-4112-AD1F-3509A0EA528F}.Release|Any CPU.Build.0 = Release|Any CPU
		{2800FE02-3C42-458E-9C86-73241BFDECD0}.Debug|Any CPU.ActiveCfg = Debug|Any CPU
		{2800FE02-3C42-458E-9C86-73241BFDECD0}.Debug|Any CPU.Build.0 = Debug|Any CPU
		{2800FE02-3C42-458E-9C86-73241BFDECD0}.Release|Any CPU.ActiveCfg = Release|Any CPU
		{2800FE02-3C42-458E-9C86-73241BFDECD0}.Release|Any CPU.Build.0 = Release|Any CPU
		{11634FFD-8B9B-4D76-90E8-3D74F7243D10}.Debug|Any CPU.ActiveCfg = Debug|Any CPU
		{11634FFD-8B9B-4D76-90E8-3D74F7243D10}.Debug|Any CPU.Build.0 = Debug|Any CPU
		{11634FFD-8B9B-4D76-90E8-3D74F7243D10}.Release|Any CPU.ActiveCfg = Release|Any CPU
		{11634FFD-8B9B-4D76-90E8-3D74F7243D10}.Release|Any CPU.Build.0 = Release|Any CPU
		{753BA3BD-12DB-487A-AEA8-98FDA7830106}.Debug|Any CPU.ActiveCfg = Debug|Any CPU
		{753BA3BD-12DB-487A-AEA8-98FDA7830106}.Debug|Any CPU.Build.0 = Debug|Any CPU
		{753BA3BD-12DB-487A-AEA8-98FDA7830106}.Release|Any CPU.ActiveCfg = Release|Any CPU
		{753BA3BD-12DB-487A-AEA8-98FDA7830106}.Release|Any CPU.Build.0 = Release|Any CPU
		{AEFFC724-4D22-49C1-8C20-665760F57311}.Debug|Any CPU.ActiveCfg = Debug|Any CPU
		{AEFFC724-4D22-49C1-8C20-665760F57311}.Debug|Any CPU.Build.0 = Debug|Any CPU
		{AEFFC724-4D22-49C1-8C20-665760F57311}.Release|Any CPU.ActiveCfg = Release|Any CPU
		{AEFFC724-4D22-49C1-8C20-665760F57311}.Release|Any CPU.Build.0 = Release|Any CPU
	EndGlobalSection
	GlobalSection(SolutionProperties) = preSolution
		HideSolutionNode = FALSE
	EndGlobalSection
	GlobalSection(NestedProjects) = preSolution
		{3534FDC1-86E0-4443-AC7B-BE77D8B5DB41} = {D97E843A-BD02-47E8-90AD-D2AD6E0BE48A}
		{AC1FB175-6F9C-4110-9E2D-86DC319987E6} = {D97E843A-BD02-47E8-90AD-D2AD6E0BE48A}
		{CBCDCDE0-260B-470D-A935-CD730867CE08} = {D97E843A-BD02-47E8-90AD-D2AD6E0BE48A}
		{F4A42B91-A7DE-429A-81E4-3955A400291E} = {D97E843A-BD02-47E8-90AD-D2AD6E0BE48A}
		{C19F5F7B-5DD1-4BD9-8FB6-52F178ED0ECF} = {D97E843A-BD02-47E8-90AD-D2AD6E0BE48A}
		{8A1A1171-BF18-459C-A3B3-C4E3D2CDCFE9} = {C086960D-02B6-42EE-89B6-0AA393215646}
		{F6985631-4A8D-418A-BB6E-E1E8E6DB91D8} = {873F89B1-1830-47B5-B01E-B869E7B81DEC}
		{B721172E-B892-465A-89C1-4668AD833860} = {873F89B1-1830-47B5-B01E-B869E7B81DEC}
		{9F59F699-3A00-4CB9-94FF-98B7EA212C4D} = {873F89B1-1830-47B5-B01E-B869E7B81DEC}
		{22CF2202-20C4-4818-85AE-5BBC432E957C} = {873F89B1-1830-47B5-B01E-B869E7B81DEC}
		{A4A91EB6-1CFD-43C2-8E7C-262FCF0D912D} = {873F89B1-1830-47B5-B01E-B869E7B81DEC}
		{8A365C0F-0268-4F1D-9FEA-63ABA1753E6E} = {A19336BE-3789-45A5-957D-3501DAC5DAFB}
		{7E52D50C-77ED-4DBC-AADE-EDC6E65364BC} = {A19336BE-3789-45A5-957D-3501DAC5DAFB}
		{7D5626D0-296F-4A0D-97AA-0946E80BA5C8} = {A19336BE-3789-45A5-957D-3501DAC5DAFB}
		{BF21C590-D25B-47A6-8718-2B0011717B2B} = {A19336BE-3789-45A5-957D-3501DAC5DAFB}
		{BF323259-79DA-4112-AD1F-3509A0EA528F} = {6FF76900-2EF3-4E35-96BF-097CD5DB914F}
		{2800FE02-3C42-458E-9C86-73241BFDECD0} = {6FF76900-2EF3-4E35-96BF-097CD5DB914F}
		{11634FFD-8B9B-4D76-90E8-3D74F7243D10} = {6FF76900-2EF3-4E35-96BF-097CD5DB914F}
		{753BA3BD-12DB-487A-AEA8-98FDA7830106} = {6FF76900-2EF3-4E35-96BF-097CD5DB914F}
		{AEFFC724-4D22-49C1-8C20-665760F57311} = {31A2DB93-7D20-4A1A-BA1B-2FCB856AC5D3}
	EndGlobalSection
	GlobalSection(ExtensibilityGlobals) = postSolution
		SolutionGuid = {9207A34B-9E97-4110-809A-B9E77335F5B1}
	EndGlobalSection
EndGlobal
